
Microsoft Visual Studio Solution File, Format Version 12.00
# Visual Studio 15
VisualStudioVersion = 15.0.27428.2002
MinimumVisualStudioVersion = 10.0.40219.1
Project("{9A19103F-16F7-4668-BE54-9A1E7A4F7556}") = "Common.Logging.NLogNetStandard", "Common.Logging.NLogNetStandard\Common.Logging.NLogNetStandard.csproj", "{DA54DA16-4E67-4E4C-922B-405E77347950}"
EndProject
Project("{9A19103F-16F7-4668-BE54-9A1E7A4F7556}") = "Common.Logging.NLogNetStandard.Tests", "Common.Logging.NLogNetStandard.Tests\Common.Logging.NLogNetStandard.Tests.csproj", "{D1E7687F-6C40-4A3D-9F2F-C707ADA9B14C}"
EndProject
Global
	GlobalSection(SolutionConfigurationPlatforms) = preSolution
		Debug|Any CPU = Debug|Any CPU
		Release|Any CPU = Release|Any CPU
	EndGlobalSection
	GlobalSection(ProjectConfigurationPlatforms) = postSolution
		{DA54DA16-4E67-4E4C-922B-405E77347950}.Debug|Any CPU.ActiveCfg = Debug|Any CPU
		{DA54DA16-4E67-4E4C-922B-405E77347950}.Debug|Any CPU.Build.0 = Debug|Any CPU
		{DA54DA16-4E67-4E4C-922B-405E77347950}.Release|Any CPU.ActiveCfg = Release|Any CPU
		{DA54DA16-4E67-4E4C-922B-405E77347950}.Release|Any CPU.Build.0 = Release|Any CPU
		{D1E7687F-6C40-4A3D-9F2F-C707ADA9B14C}.Debug|Any CPU.ActiveCfg = Debug|Any CPU
		{D1E7687F-6C40-4A3D-9F2F-C707ADA9B14C}.Debug|Any CPU.Build.0 = Debug|Any CPU
		{D1E7687F-6C40-4A3D-9F2F-C707ADA9B14C}.Release|Any CPU.ActiveCfg = Release|Any CPU
		{D1E7687F-6C40-4A3D-9F2F-C707ADA9B14C}.Release|Any CPU.Build.0 = Release|Any CPU
	EndGlobalSection
	GlobalSection(SolutionProperties) = preSolution
		HideSolutionNode = FALSE
	EndGlobalSection
	GlobalSection(ExtensibilityGlobals) = postSolution
		SolutionGuid = {E1D35994-1F1C-46F3-88AF-1769CFACB89C}
	EndGlobalSection
EndGlobal
